
Microsoft Visual Studio Solution File, Format Version 12.00
# Visual Studio Version 17
VisualStudioVersion = 17.6.33815.320
MinimumVisualStudioVersion = 10.0.40219.1
Project("{9A19103F-16F7-4668-BE54-9A1E7A4F7556}") = "NumbersEndingIn7", "NumbersEndingIn7\NumbersEndingIn7.csproj", "{1E104292-B15B-4DB7-A01F-2482BFB71C77}"
EndProject
Project("{9A19103F-16F7-4668-BE54-9A1E7A4F7556}") = "HalfSumElement", "HalfSumElement\HalfSumElement.csproj", "{A1F0FD1A-6508-45F8-9FEF-34688EA49D47}"
EndProject
Project("{9A19103F-16F7-4668-BE54-9A1E7A4F7556}") = "Histogram", "Histogram\Histogram.csproj", "{D2795159-7FE7-4A54-9472-99FD63AE54AA}"
EndProject
Project("{9A19103F-16F7-4668-BE54-9A1E7A4F7556}") = "CleverLily", "CleverLily\CleverLily.csproj", "{79957550-82E7-4516-B02B-9B6071BC65A5}"
EndProject
Project("{FAE04EC0-301F-11D3-BF4B-00C04F79EFBC}") = "Salary", "Salary\Salary.csproj", "{B1DDDFF8-724B-4AC6-964C-014E1DA5F811}"
EndProject
Project("{FAE04EC0-301F-11D3-BF4B-00C04F79EFBC}") = "Oscars", "Oscars\Oscars.csproj", "{47699293-567B-4A37-BAB2-75F6F8192F4F}"
EndProject
Project("{FAE04EC0-301F-11D3-BF4B-00C04F79EFBC}") = "TrekkingMania", "TrekkingMania\TrekkingMania.csproj", "{15AF3B0C-2D77-4483-92CC-0988F3AFA3BA}"
EndProject
Project("{FAE04EC0-301F-11D3-BF4B-00C04F79EFBC}") = "TennisRanklist", "TennisRanklist\TennisRanklist.csproj", "{EDB021E7-28AC-4844-B95F-9FCE1C16F8E1}"
EndProject
Global
	GlobalSection(SolutionConfigurationPlatforms) = preSolution
		Debug|Any CPU = Debug|Any CPU
		Release|Any CPU = Release|Any CPU
	EndGlobalSection
	GlobalSection(ProjectConfigurationPlatforms) = postSolution
		{1E104292-B15B-4DB7-A01F-2482BFB71C77}.Debug|Any CPU.ActiveCfg = Debug|Any CPU
		{1E104292-B15B-4DB7-A01F-2482BFB71C77}.Debug|Any CPU.Build.0 = Debug|Any CPU
		{1E104292-B15B-4DB7-A01F-2482BFB71C77}.Release|Any CPU.ActiveCfg = Release|Any CPU
		{1E104292-B15B-4DB7-A01F-2482BFB71C77}.Release|Any CPU.Build.0 = Release|Any CPU
		{A1F0FD1A-6508-45F8-9FEF-34688EA49D47}.Debug|Any CPU.ActiveCfg = Debug|Any CPU
		{A1F0FD1A-6508-45F8-9FEF-34688EA49D47}.Debug|Any CPU.Build.0 = Debug|Any CPU
		{A1F0FD1A-6508-45F8-9FEF-34688EA49D47}.Release|Any CPU.ActiveCfg = Release|Any CPU
		{A1F0FD1A-6508-45F8-9FEF-34688EA49D47}.Release|Any CPU.Build.0 = Release|Any CPU
		{D2795159-7FE7-4A54-9472-99FD63AE54AA}.Debug|Any CPU.ActiveCfg = Debug|Any CPU
		{D2795159-7FE7-4A54-9472-99FD63AE54AA}.Debug|Any CPU.Build.0 = Debug|Any CPU
		{D2795159-7FE7-4A54-9472-99FD63AE54AA}.Release|Any CPU.ActiveCfg = Release|Any CPU
		{D2795159-7FE7-4A54-9472-99FD63AE54AA}.Release|Any CPU.Build.0 = Release|Any CPU
		{79957550-82E7-4516-B02B-9B6071BC65A5}.Debug|Any CPU.ActiveCfg = Debug|Any CPU
		{79957550-82E7-4516-B02B-9B6071BC65A5}.Debug|Any CPU.Build.0 = Debug|Any CPU
		{79957550-82E7-4516-B02B-9B6071BC65A5}.Release|Any CPU.ActiveCfg = Release|Any CPU
		{79957550-82E7-4516-B02B-9B6071BC65A5}.Release|Any CPU.Build.0 = Release|Any CPU
		{B1DDDFF8-724B-4AC6-964C-014E1DA5F811}.Debug|Any CPU.ActiveCfg = Debug|Any CPU
		{B1DDDFF8-724B-4AC6-964C-014E1DA5F811}.Debug|Any CPU.Build.0 = Debug|Any CPU
		{B1DDDFF8-724B-4AC6-964C-014E1DA5F811}.Release|Any CPU.ActiveCfg = Release|Any CPU
		{B1DDDFF8-724B-4AC6-964C-014E1DA5F811}.Release|Any CPU.Build.0 = Release|Any CPU
		{47699293-567B-4A37-BAB2-75F6F8192F4F}.Debug|Any CPU.ActiveCfg = Debug|Any CPU
		{47699293-567B-4A37-BAB2-75F6F8192F4F}.Debug|Any CPU.Build.0 = Debug|Any CPU
		{47699293-567B-4A37-BAB2-75F6F8192F4F}.Release|Any CPU.ActiveCfg = Release|Any CPU
		{47699293-567B-4A37-BAB2-75F6F8192F4F}.Release|Any CPU.Build.0 = Release|Any CPU
		{15AF3B0C-2D77-4483-92CC-0988F3AFA3BA}.Debug|Any CPU.ActiveCfg = Debug|Any CPU
		{15AF3B0C-2D77-4483-92CC-0988F3AFA3BA}.Debug|Any CPU.Build.0 = Debug|Any CPU
		{15AF3B0C-2D77-4483-92CC-0988F3AFA3BA}.Release|Any CPU.ActiveCfg = Release|Any CPU
		{15AF3B0C-2D77-4483-92CC-0988F3AFA3BA}.Release|Any CPU.Build.0 = Release|Any CPU
		{EDB021E7-28AC-4844-B95F-9FCE1C16F8E1}.Debug|Any CPU.ActiveCfg = Debug|Any CPU
		{EDB021E7-28AC-4844-B95F-9FCE1C16F8E1}.Debug|Any CPU.Build.0 = Debug|Any CPU
		{EDB021E7-28AC-4844-B95F-9FCE1C16F8E1}.Release|Any CPU.ActiveCfg = Release|Any CPU
		{EDB021E7-28AC-4844-B95F-9FCE1C16F8E1}.Release|Any CPU.Build.0 = Release|Any CPU
	EndGlobalSection
	GlobalSection(SolutionProperties) = preSolution
		HideSolutionNode = FALSE
	EndGlobalSection
	GlobalSection(ExtensibilityGlobals) = postSolution
		SolutionGuid = {35340262-BAAC-4777-B661-427AA0701485}
	EndGlobalSection
EndGlobal
